
Microsoft Visual Studio Solution File, Format Version 12.00
# Visual Studio Version 17
VisualStudioVersion = 17.8.34309.116
MinimumVisualStudioVersion = 10.0.40219.1
Project("{FAE04EC0-301F-11D3-BF4B-00C04F79EFBC}") = "ASP_Online_Shop", "ASP_Online_Shop\ASP_Online_Shop.csproj", "{03E28683-B657-4633-8C19-4952BF81F4CC}"
EndProject
Global
	GlobalSection(SolutionConfigurationPlatforms) = preSolution
		Debug|Any CPU = Debug|Any CPU
		Release|Any CPU = Release|Any CPU
	EndGlobalSection
	GlobalSection(ProjectConfigurationPlatforms) = postSolution
		{03E28683-B657-4633-8C19-4952BF81F4CC}.Debug|Any CPU.ActiveCfg = Debug|Any CPU
		{03E28683-B657-4633-8C19-4952BF81F4CC}.Debug|Any CPU.Build.0 = Debug|Any CPU
		{03E28683-B657-4633-8C19-4952BF81F4CC}.Release|Any CPU.ActiveCfg = Release|Any CPU
		{03E28683-B657-4633-8C19-4952BF81F4CC}.Release|Any CPU.Build.0 = Release|Any CPU
	EndGlobalSection
	GlobalSection(SolutionProperties) = preSolution
		HideSolutionNode = FALSE
	EndGlobalSection
	GlobalSection(ExtensibilityGlobals) = postSolution
		SolutionGuid = {3E3A4CB2-0CA4-4E7C-99F4-4DEACCF9FD54}
	EndGlobalSection
EndGlobal
